
Microsoft Visual Studio Solution File, Format Version 12.00
# Visual Studio Version 17
VisualStudioVersion = 17.5.33627.172
MinimumVisualStudioVersion = 10.0.40219.1
Project("{FAE04EC0-301F-11D3-BF4B-00C04F79EFBC}") = "FurnitureApp", "FurnitureApp\FurnitureApp.csproj", "{C47972F4-8EF2-485C-BB56-0763E159C6EF}"
EndProject
Global
	GlobalSection(SolutionConfigurationPlatforms) = preSolution
		Debug|Any CPU = Debug|Any CPU
		Release|Any CPU = Release|Any CPU
	EndGlobalSection
	GlobalSection(ProjectConfigurationPlatforms) = postSolution
		{C47972F4-8EF2-485C-BB56-0763E159C6EF}.Debug|Any CPU.ActiveCfg = Debug|Any CPU
		{C47972F4-8EF2-485C-BB56-0763E159C6EF}.Debug|Any CPU.Build.0 = Debug|Any CPU
		{C47972F4-8EF2-485C-BB56-0763E159C6EF}.Release|Any CPU.ActiveCfg = Release|Any CPU
		{C47972F4-8EF2-485C-BB56-0763E159C6EF}.Release|Any CPU.Build.0 = Release|Any CPU
	EndGlobalSection
	GlobalSection(SolutionProperties) = preSolution
		HideSolutionNode = FALSE
	EndGlobalSection
	GlobalSection(ExtensibilityGlobals) = postSolution
		SolutionGuid = {9D274037-F718-422B-8336-53E5168B49C4}
	EndGlobalSection
EndGlobal
